
Microsoft Visual Studio Solution File, Format Version 12.00
# Visual Studio Version 17
VisualStudioVersion = 17.4.33213.308
MinimumVisualStudioVersion = 10.0.40219.1
Project("{FAE04EC0-301F-11D3-BF4B-00C04F79EFBC}") = "Calculadora.Api", "Calculadora.Api\Calculadora.Api.csproj", "{B0D57885-F175-4DFB-B7DA-CD409814DAE5}"
EndProject
Project("{FAE04EC0-301F-11D3-BF4B-00C04F79EFBC}") = "Calculadora.Mobile", "Calculadora.Mobile\Calculadora.Mobile.csproj", "{82289ADD-6D6D-48DF-8C7C-C28A7F26EFB7}"
EndProject
Global
	GlobalSection(SolutionConfigurationPlatforms) = preSolution
		Debug|Any CPU = Debug|Any CPU
		Release|Any CPU = Release|Any CPU
	EndGlobalSection
	GlobalSection(ProjectConfigurationPlatforms) = postSolution
		{B0D57885-F175-4DFB-B7DA-CD409814DAE5}.Debug|Any CPU.ActiveCfg = Debug|Any CPU
		{B0D57885-F175-4DFB-B7DA-CD409814DAE5}.Debug|Any CPU.Build.0 = Debug|Any CPU
		{B0D57885-F175-4DFB-B7DA-CD409814DAE5}.Release|Any CPU.ActiveCfg = Release|Any CPU
		{B0D57885-F175-4DFB-B7DA-CD409814DAE5}.Release|Any CPU.Build.0 = Release|Any CPU
		{82289ADD-6D6D-48DF-8C7C-C28A7F26EFB7}.Debug|Any CPU.ActiveCfg = Debug|Any CPU
		{82289ADD-6D6D-48DF-8C7C-C28A7F26EFB7}.Debug|Any CPU.Build.0 = Debug|Any CPU
		{82289ADD-6D6D-48DF-8C7C-C28A7F26EFB7}.Debug|Any CPU.Deploy.0 = Debug|Any CPU
		{82289ADD-6D6D-48DF-8C7C-C28A7F26EFB7}.Release|Any CPU.ActiveCfg = Release|Any CPU
		{82289ADD-6D6D-48DF-8C7C-C28A7F26EFB7}.Release|Any CPU.Build.0 = Release|Any CPU
		{82289ADD-6D6D-48DF-8C7C-C28A7F26EFB7}.Release|Any CPU.Deploy.0 = Release|Any CPU
	EndGlobalSection
	GlobalSection(SolutionProperties) = preSolution
		HideSolutionNode = FALSE
	EndGlobalSection
	GlobalSection(ExtensibilityGlobals) = postSolution
		SolutionGuid = {B8486EF2-094F-40B4-964D-78114595DACF}
	EndGlobalSection
EndGlobal
